
Microsoft Visual Studio Solution File, Format Version 12.00
# Visual Studio Version 17
VisualStudioVersion = 17.10.35004.147
MinimumVisualStudioVersion = 10.0.40219.1
Project("{FAE04EC0-301F-11D3-BF4B-00C04F79EFBC}") = "PanasonicPhoneTools", "PanasonicPhoneTools\PanasonicPhoneTools.csproj", "{B99B298B-2089-4F11-AA35-57692429AE6A}"
EndProject
Project("{FAE04EC0-301F-11D3-BF4B-00C04F79EFBC}") = "PanasonicPhoneConsole", "PanasonicPhoneConsole\PanasonicPhoneConsole.csproj", "{3D794B98-679C-4DB0-8F16-6E0676B0D8EC}"
EndProject
Global
	GlobalSection(SolutionConfigurationPlatforms) = preSolution
		Debug|Any CPU = Debug|Any CPU
		Release|Any CPU = Release|Any CPU
	EndGlobalSection
	GlobalSection(ProjectConfigurationPlatforms) = postSolution
		{B99B298B-2089-4F11-AA35-57692429AE6A}.Debug|Any CPU.ActiveCfg = Debug|Any CPU
		{B99B298B-2089-4F11-AA35-57692429AE6A}.Debug|Any CPU.Build.0 = Debug|Any CPU
		{B99B298B-2089-4F11-AA35-57692429AE6A}.Release|Any CPU.ActiveCfg = Release|Any CPU
		{B99B298B-2089-4F11-AA35-57692429AE6A}.Release|Any CPU.Build.0 = Release|Any CPU
		{3D794B98-679C-4DB0-8F16-6E0676B0D8EC}.Debug|Any CPU.ActiveCfg = Debug|Any CPU
		{3D794B98-679C-4DB0-8F16-6E0676B0D8EC}.Debug|Any CPU.Build.0 = Debug|Any CPU
		{3D794B98-679C-4DB0-8F16-6E0676B0D8EC}.Release|Any CPU.ActiveCfg = Release|Any CPU
		{3D794B98-679C-4DB0-8F16-6E0676B0D8EC}.Release|Any CPU.Build.0 = Release|Any CPU
	EndGlobalSection
	GlobalSection(SolutionProperties) = preSolution
		HideSolutionNode = FALSE
	EndGlobalSection
	GlobalSection(ExtensibilityGlobals) = postSolution
		SolutionGuid = {6F9C7277-B0F6-48DE-A0C3-B0052E6A4306}
	EndGlobalSection
EndGlobal
